# This file is autogenerated, do not edit; changes may be undone by the next 'dep ensure'.


[[projects]]
  digest = "1:9f3bc9b251182aa0a26ac45e39a226c0f91e8f59dd91d8cab7d56b301684ee6a"
  name = "cloud.google.com/go"
  packages = [
    "compute/metadata",
    "datastore",
    "internal",
    "internal/fields",
    "internal/trace",
    "internal/version",
  ]
  pruneopts = "T"
  revision = "c9474f2f8deb81759839474b6bd1726bbfe1c1c4"
  version = "v0.36.0"

[[projects]]
  digest = "1:147748cfa709da38076c3df47f6bca6814c8ced6cba510065ec03f2120cc4819"
  name = "github.com/BurntSushi/toml"
  packages = ["."]
  pruneopts = "T"
  revision = "3012a1dbe2e4bd1391d42b32f0577cb7bbc7f005"
  version = "v0.3.1"

[[projects]]
  branch = "master"
  digest = "1:414b0f57170d23e2941aa5cd393e99d0ab7a639e27d9784ef3949eae6cddfdb3"
  name = "github.com/MakeNowJust/heredoc"
  packages = ["."]
  pruneopts = "T"
  revision = "e9091a26100e9cfb2b6a8f470085bfa541931a91"

[[projects]]
  digest = "1:1d37ae045a232d263c32f10aaf755babf3900804b4ff54d489915d0626e4fa61"
  name = "github.com/favclip/genbase"
  packages = ["."]
  pruneopts = "T"
  revision = "33e3f4f43761221e7ef1f0be35bad3711ae26cbd"
  version = "v1.0.0"

[[projects]]
  digest = "1:d7cc8a384601a2a651c21774511a0c491189783490f3044c6614d8ab52fd3438"
  name = "github.com/favclip/jwg"
  packages = ["."]
  pruneopts = "T"
  revision = "7e80df75dc7371766a7b1337000acaea44687b29"
  version = "v1.1.0"

[[projects]]
  digest = "1:523b99212d44403a1c2373faaeadf00ba5c63200b3fd4530932b5422a96a2ac0"
  name = "github.com/favclip/qbg"
  packages = ["."]
  pruneopts = "T"
  revision = "358fe2dae1c334bf825b618d423b8f36e8ec40e9"
  version = "v1.1.1"

[[projects]]
  branch = "master"
  digest = "1:0edbf4706c95913574b931fed922244adb6ee6ee920d75fa2154c3bf06a3980a"
  name = "github.com/favclip/testerator"
  packages = [
    ".",
    "datastore",
    "memcache",
  ]
  pruneopts = "T"
  revision = "c967692c9c6519c9ab44484378e17cd17d05dd5c"

[[projects]]
  digest = "1:a2ecb56e5053d942aafc86738915fb94c9131bac848c543b8b6764365fd69080"
  name = "github.com/golang/protobuf"
  packages = [
    "proto",
    "protoc-gen-go/descriptor",
    "ptypes",
    "ptypes/any",
    "ptypes/duration",
    "ptypes/struct",
    "ptypes/timestamp",
    "ptypes/wrappers",
  ]
  pruneopts = "T"
  revision = "aa810b61a9c79d51363740d207bb46cf8e620ed5"
  version = "v1.2.0"

[[projects]]
  digest = "1:eca5b59a68125905e4f62d6f5072f01740a7648a808e93f6d76c5334ff948601"
  name = "github.com/gomodule/redigo"
  packages = [
    "internal",
    "redis",
  ]
  pruneopts = "T"
  revision = "9c11da706d9b7902c6da69c592f75637793fe121"
  version = "v2.0.0"

[[projects]]
  digest = "1:9e4b223f95f353e817e93e9bfcc7ee050d2f1f0fd1a46c18f6285a070ebc1bd1"
  name = "github.com/googleapis/gax-go"
  packages = ["v2"]
  pruneopts = "T"
  revision = "c8a15bac9b9fe955bd9f900272f9a306465d28cf"
  version = "v2.0.3"

[[projects]]
  digest = "1:6f84b81083f02e519470e91069acf75a43a2e46b5935a8df0a84ff82dca2f6cb"
  name = "go.opencensus.io"
  packages = [
    ".",
    "exemplar",
    "internal",
    "internal/tagencoding",
    "plugin/ocgrpc",
    "stats",
    "stats/internal",
    "stats/view",
    "tag",
    "trace",
    "trace/internal",
    "trace/propagation",
    "trace/tracestate",
  ]
  pruneopts = "T"
  revision = "2b5032d79456124f42db6b7eb19ac6c155449dc2"
  version = "v0.19.0"

[[projects]]
  branch = "master"
  digest = "1:64b9cd6df7d5e91f4025fb967f07ae1aba74d583e9e2aee7449c14d230b2b343"
  name = "golang.org/x/lint"
  packages = [
    ".",
    "golint",
  ]
  pruneopts = "T"
  revision = "8f45f776aaf18cebc8d65861cc70c33c60471952"

[[projects]]
  branch = "master"
  digest = "1:0db0b6c7b274d9dabc601ad561684eb9920c227935a50bae55299671120c089e"
  name = "golang.org/x/net"
  packages = [
    "context",
    "context/ctxhttp",
    "http/httpguts",
    "http2",
    "http2/hpack",
    "idna",
    "internal/timeseries",
    "trace",
  ]
  pruneopts = "T"
  revision = "3a22650c66bd7f4fb6d1e8072ffd7b75c8a27898"

[[projects]]
  branch = "master"
  digest = "1:0e7daa40947bf901c8aaaa6d5f41c21d8986dc6e4343a479c82eeebcd25c1e28"
  name = "golang.org/x/oauth2"
  packages = [
    ".",
    "google",
    "internal",
    "jws",
    "jwt",
  ]
  pruneopts = "T"
  revision = "3e8b2be1363542a95c52ea0796d4a40dacfb5b95"

[[projects]]
  branch = "master"
  digest = "1:6932d1ef4294f3ea819748e89d1003f5df3804b20b84b5f1c60f8f1d7c933e2d"
  name = "golang.org/x/sync"
  packages = ["errgroup"]
  pruneopts = "T"
  revision = "37e7f081c4d4c64e13b10787722085407fe5d15f"

[[projects]]
  branch = "master"
  digest = "1:a6600d7db0fd8efa4fe75db61c92f25894463506a2c84a2118cf6472e1cb1326"
  name = "golang.org/x/sys"
  packages = ["unix"]
  pruneopts = "T"
  revision = "e77772198cdc3dbfcf7f2de96630204df9fd3a0b"

[[projects]]
  digest = "1:6164911cb5e94e8d8d5131d646613ff82c14f5a8ce869de2f6d80d9889df8c5a"
  name = "golang.org/x/text"
  packages = [
    "collate",
    "collate/build",
    "internal/colltab",
    "internal/gen",
    "internal/tag",
    "internal/triegen",
    "internal/ucd",
    "language",
    "secure/bidirule",
    "transform",
    "unicode/bidi",
    "unicode/cldr",
    "unicode/norm",
    "unicode/rangetable",
  ]
  pruneopts = "T"
  revision = "f21a4dfb5e38f5895301dc265a8def02365cc3d0"
  version = "v0.3.0"

[[projects]]
  branch = "master"
  digest = "1:f996ca80ef7aac95556419d32d4184e6b9264166305de7327b9d0aa46f46aa4f"
  name = "golang.org/x/tools"
  packages = [
    "cmd/goimports",
    "go/ast/astutil",
    "go/buildutil",
    "go/gcexportdata",
    "go/internal/cgo",
    "go/internal/gcimporter",
    "go/internal/packagesdriver",
    "go/loader",
    "go/packages",
    "go/types/typeutil",
    "imports",
    "internal/fastwalk",
    "internal/gopathwalk",
    "internal/module",
    "internal/semver",
  ]
  pruneopts = "T"
  revision = "8dcb7bc8c7fe0a895995c76c721cef79419ac98a"

[[projects]]
  digest = "1:2aa09cbc32ca3e699753b1270176ff10bf6752326510e18878d2cb25a5274f4f"
  name = "google.golang.org/api"
  packages = [
    "googleapi",
    "googleapi/internal/uritemplates",
    "internal",
    "iterator",
    "option",
    "transport/grpc",
  ]
  pruneopts = "T"
  revision = "19e022d8cf43ce81f046bae8cc18c5397cc7732f"
  version = "v0.1.0"

[[projects]]
  branch = "master"
  digest = "1:fd3cd1920f860cb78ef0abaca0eb2bac9a759637aef492f5452aa45ba0f941c6"
  name = "google.golang.org/appengine"
  packages = [
    ".",
    "aetest",
    "datastore",
    "internal",
    "internal/app_identity",
    "internal/base",
    "internal/datastore",
    "internal/log",
    "internal/memcache",
    "internal/modules",
    "internal/remote_api",
    "internal/socket",
    "internal/taskqueue",
    "internal/urlfetch",
    "internal/user",
    "log",
    "memcache",
    "socket",
    "taskqueue",
    "urlfetch",
    "user",
  ]
  pruneopts = "T"
  revision = "99bc4335fe23898c0a61f5b35afabb6d11f29094"

[[projects]]
  branch = "master"
  digest = "1:91f75dc679abcf04b29b064a5b9c40a0b0561c86c322010fbf6fc08040cc48bc"
  name = "google.golang.org/genproto"
  packages = [
    "googleapis/api/annotations",
    "googleapis/datastore/v1",
    "googleapis/rpc/code",
    "googleapis/rpc/status",
    "googleapis/type/latlng",
  ]
  pruneopts = "T"
  revision = "4b09977fb92221987e99d190c8f88f2c92727a29"

[[projects]]
  digest = "1:adec72b8770ba7ad04c7a5a8ef8c6cc13a766bd11f900b60f360303b4f56e0b1"
  name = "google.golang.org/grpc"
  packages = [
    ".",
    "balancer",
    "balancer/base",
    "balancer/roundrobin",
    "binarylog/grpc_binarylog_v1",
    "codes",
    "connectivity",
    "credentials",
    "credentials/internal",
    "credentials/oauth",
    "encoding",
    "encoding/proto",
    "grpclog",
    "internal",
    "internal/backoff",
    "internal/binarylog",
    "internal/channelz",
    "internal/envconfig",
    "internal/grpcrand",
    "internal/grpcsync",
    "internal/syscall",
    "internal/transport",
    "keepalive",
    "metadata",
    "naming",
    "peer",
    "resolver",
    "resolver/dns",
    "resolver/passthrough",
    "stats",
    "status",
    "tap",
  ]
  pruneopts = "T"
  revision = "a02b0774206b209466313a0b525d2c738fe407eb"
  version = "v1.18.0"

[[projects]]
  digest = "1:27d45f1878ac782168ef8ab5e8f83cee146d02bd67460b95f8d718b2cec5ce8f"
  name = "honnef.co/go/tools"
  packages = [
    "arg",
    "callgraph",
    "callgraph/static",
    "cmd/gosimple",
    "cmd/staticcheck",
    "cmd/unused",
    "config",
    "deprecated",
    "functions",
    "internal/sharedcheck",
    "lint",
    "lint/lintdsl",
    "lint/lintutil",
    "lint/lintutil/format",
    "simple",
    "ssa",
    "ssa/ssautil",
    "ssautil",
    "staticcheck",
    "staticcheck/vrp",
    "stylecheck",
    "unused",
    "version",
  ]
  pruneopts = "T"
  revision = "c2f93a96b099cbbec1de36336ab049ffa620e6d7"
  version = "2019.1"

[solve-meta]
  analyzer-name = "dep"
  analyzer-version = 1
  input-imports = [
    "cloud.google.com/go/compute/metadata",
    "cloud.google.com/go/datastore",
    "github.com/MakeNowJust/heredoc",
    "github.com/favclip/jwg",
    "github.com/favclip/qbg",
    "github.com/favclip/testerator",
    "github.com/favclip/testerator/datastore",
    "github.com/favclip/testerator/memcache",
    "github.com/golang/protobuf/proto",
    "github.com/gomodule/redigo/redis",
    "golang.org/x/lint/golint",
    "golang.org/x/net/context",
    "golang.org/x/oauth2",
    "golang.org/x/sync/errgroup",
    "golang.org/x/tools/cmd/goimports",
    "google.golang.org/api/iterator",
    "google.golang.org/api/option",
    "google.golang.org/appengine",
    "google.golang.org/appengine/aetest",
    "google.golang.org/appengine/datastore",
    "google.golang.org/appengine/log",
    "google.golang.org/appengine/memcache",
    "google.golang.org/appengine/taskqueue",
    "honnef.co/go/tools/cmd/gosimple",
    "honnef.co/go/tools/cmd/staticcheck",
    "honnef.co/go/tools/cmd/unused",
  ]
  solver-name = "gps-cdcl"
  solver-version = 1
