# This file is autogenerated, do not edit; changes may be undone by the next 'dep ensure'.


[[projects]]
  digest = "1:fb5af99236c56fc200f4e07155967e57ce89b75ca92193577f3b2f40e97fadb1"
  name = "cloud.google.com/go"
  packages = [
    "compute/metadata",
    "datastore",
    "internal",
    "internal/atomiccache",
    "internal/fields",
    "internal/trace",
    "internal/version",
  ]
  pruneopts = "T"
  revision = "64a2037ec6be8a4b0c1d1f706ed35b428b989239"
  version = "v0.26.0"

[[projects]]
  branch = "master"
  digest = "1:414b0f57170d23e2941aa5cd393e99d0ab7a639e27d9784ef3949eae6cddfdb3"
  name = "github.com/MakeNowJust/heredoc"
  packages = ["."]
  pruneopts = "T"
  revision = "e9091a26100e9cfb2b6a8f470085bfa541931a91"

[[projects]]
  digest = "1:1d37ae045a232d263c32f10aaf755babf3900804b4ff54d489915d0626e4fa61"
  name = "github.com/favclip/genbase"
  packages = ["."]
  pruneopts = "T"
  revision = "33e3f4f43761221e7ef1f0be35bad3711ae26cbd"
  version = "v1.0.0"

[[projects]]
  digest = "1:3be1c1cb8a6dc6760f3420800131370d8a78e6f6ea8ce551b7bd986ccae5cfa6"
  name = "github.com/favclip/jwg"
  packages = ["."]
  pruneopts = "T"
  revision = "17b6dde923a6fc30b726cee45beac1923092d2c6"
  version = "v1.0.2"

[[projects]]
  digest = "1:523b99212d44403a1c2373faaeadf00ba5c63200b3fd4530932b5422a96a2ac0"
  name = "github.com/favclip/qbg"
  packages = ["."]
  pruneopts = "T"
  revision = "358fe2dae1c334bf825b618d423b8f36e8ec40e9"
  version = "v1.1.1"

[[projects]]
  branch = "master"
  digest = "1:c43e3dcb9808de16920f96b87a245901366ada7935058a3a102b89af977fa791"
  name = "github.com/favclip/testerator"
  packages = [
    ".",
    "datastore",
    "memcache",
  ]
  pruneopts = "T"
  revision = "04c1c0fc2a5a12ba14068ee37e764af81a4ac575"

[[projects]]
  digest = "1:832e17df5ff8bbe0e0693d2fb46c5e53f96c662ee804049ce3ab6557df74e3ab"
  name = "github.com/golang/protobuf"
  packages = [
    "proto",
    "protoc-gen-go/descriptor",
    "ptypes",
    "ptypes/any",
    "ptypes/duration",
    "ptypes/struct",
    "ptypes/timestamp",
    "ptypes/wrappers",
  ]
  pruneopts = "T"
  revision = "b4deda0973fb4c70b50d226b1af49f3da59f5265"
  version = "v1.1.0"

[[projects]]
  digest = "1:eca5b59a68125905e4f62d6f5072f01740a7648a808e93f6d76c5334ff948601"
  name = "github.com/gomodule/redigo"
  packages = [
    "internal",
    "redis",
  ]
  pruneopts = "T"
  revision = "9c11da706d9b7902c6da69c592f75637793fe121"
  version = "v2.0.0"

[[projects]]
  digest = "1:e145e9710a10bc114a6d3e2738aadf8de146adaa031854ffdf7bbfe15da85e63"
  name = "github.com/googleapis/gax-go"
  packages = ["."]
  pruneopts = "T"
  revision = "317e0006254c44a0ac427cc52a0e083ff0b9622f"
  version = "v2.0.0"

[[projects]]
  digest = "1:15ec2166e33ef6c60b344a04d050eec79193517e7f5082b6233b2d09ef0d10b8"
  name = "github.com/kisielk/gotool"
  packages = [
    ".",
    "internal/load",
  ]
  pruneopts = "T"
  revision = "80517062f582ea3340cd4baf70e86d539ae7d84d"
  version = "v1.0.0"

[[projects]]
  digest = "1:4941af11632158715f548ed262cd308bc638b386c31afdf5e6365f9c34faee03"
  name = "go.opencensus.io"
  packages = [
    ".",
    "internal",
    "internal/tagencoding",
    "plugin/ocgrpc",
    "stats",
    "stats/internal",
    "stats/view",
    "tag",
    "trace",
    "trace/internal",
    "trace/propagation",
  ]
  pruneopts = "T"
  revision = "e262766cd0d230a1bb7c37281e345e465f19b41b"
  version = "v0.14.0"

[[projects]]
  branch = "master"
  digest = "1:b020fda4139a92b0bc4c1b6d386c4bb6ebc2d5faf6d40e36c5b0807773f2507c"
  name = "golang.org/x/lint"
  packages = [
    ".",
    "golint",
  ]
  pruneopts = "T"
  revision = "06c8688daad7faa9da5a0c2f163a3d14aac986ca"

[[projects]]
  branch = "master"
  digest = "1:50888a1c912c303ff5c38324690623d24984c5c045a8d5f952dadaa8e205fd62"
  name = "golang.org/x/net"
  packages = [
    "context",
    "context/ctxhttp",
    "http/httpguts",
    "http2",
    "http2/hpack",
    "idna",
    "internal/timeseries",
    "trace",
  ]
  pruneopts = "T"
  revision = "c39426892332e1bb5ec0a434a079bf82f5d30c54"

[[projects]]
  branch = "master"
  digest = "1:d190524f2a2ddb150b30e254e9efc6208e97011069e1cb5c2dc8988859a4f903"
  name = "golang.org/x/oauth2"
  packages = [
    ".",
    "google",
    "internal",
    "jws",
    "jwt",
  ]
  pruneopts = "T"
  revision = "3d292e4d0cdc3a0113e6d207bb137145ef1de42f"

[[projects]]
  branch = "master"
  digest = "1:568750bfc9b318e074c14e4ac471ae24617a5a3cb05a74ce56516ca0b567d1ba"
  name = "golang.org/x/sync"
  packages = ["errgroup"]
  pruneopts = "T"
  revision = "1d60e4601c6fd243af51cc01ddf169918a5407ca"

[[projects]]
  branch = "master"
  digest = "1:aa85c5c8c3b9a19a3cb166ddd6b20189dad22efd36c6c03f61440f7a81aed8bd"
  name = "golang.org/x/sys"
  packages = ["unix"]
  pruneopts = "T"
  revision = "98c5dad5d1a0e8a73845ecc8897d0bd56586511d"

[[projects]]
  digest = "1:6164911cb5e94e8d8d5131d646613ff82c14f5a8ce869de2f6d80d9889df8c5a"
  name = "golang.org/x/text"
  packages = [
    "collate",
    "collate/build",
    "internal/colltab",
    "internal/gen",
    "internal/tag",
    "internal/triegen",
    "internal/ucd",
    "language",
    "secure/bidirule",
    "transform",
    "unicode/bidi",
    "unicode/cldr",
    "unicode/norm",
    "unicode/rangetable",
  ]
  pruneopts = "T"
  revision = "f21a4dfb5e38f5895301dc265a8def02365cc3d0"
  version = "v0.3.0"

[[projects]]
  branch = "master"
  digest = "1:807cf33d85fd9d21b0168739a98e5b32b958944edf5af08a20af5791492fb925"
  name = "golang.org/x/tools"
  packages = [
    "cmd/goimports",
    "go/ast/astutil",
    "go/buildutil",
    "go/gcexportdata",
    "go/internal/cgo",
    "go/internal/gcimporter",
    "go/loader",
    "go/types/typeutil",
    "imports",
    "internal/fastwalk",
  ]
  pruneopts = "T"
  revision = "27709f6afec43b6c6d899bd199bf0f39c731216c"

[[projects]]
  branch = "master"
  digest = "1:80285262be077ce758a0839c90ca271e5c8d5b2d167bb554e8494ca04b8ccb2d"
  name = "google.golang.org/api"
  packages = [
    "googleapi",
    "googleapi/internal/uritemplates",
    "internal",
    "iterator",
    "option",
    "transport/grpc",
  ]
  pruneopts = "T"
  revision = "0aa0a1f2c0c4478587971a63e931e711086a5271"

[[projects]]
  branch = "master"
  digest = "1:8012c727249df82d13ac9e3b131298b47c618ff61d8e37a6c1f84b73c7a63b80"
  name = "google.golang.org/appengine"
  packages = [
    ".",
    "aetest",
    "datastore",
    "internal",
    "internal/app_identity",
    "internal/base",
    "internal/datastore",
    "internal/log",
    "internal/memcache",
    "internal/modules",
    "internal/remote_api",
    "internal/socket",
    "internal/taskqueue",
    "internal/urlfetch",
    "internal/user",
    "log",
    "memcache",
    "socket",
    "taskqueue",
    "urlfetch",
    "user",
  ]
  pruneopts = "T"
  revision = "4216e58b9158e5f1c906f1aca75162a46a2ec88a"

[[projects]]
  branch = "master"
  digest = "1:3970150423e3f47a6d354b2868f7db632b665463755194aac1a30c4fb341be57"
  name = "google.golang.org/genproto"
  packages = [
    "googleapis/api/annotations",
    "googleapis/datastore/v1",
    "googleapis/rpc/code",
    "googleapis/rpc/status",
    "googleapis/type/latlng",
  ]
  pruneopts = "T"
  revision = "383e8b2c3b9e36c4076b235b32537292176bae20"

[[projects]]
  digest = "1:a985c4820889930a08c19181d2aeb1c57ab1929bce7a66b781109dd1db8fb433"
  name = "google.golang.org/grpc"
  packages = [
    ".",
    "balancer",
    "balancer/base",
    "balancer/roundrobin",
    "codes",
    "connectivity",
    "credentials",
    "credentials/oauth",
    "encoding",
    "encoding/proto",
    "grpclog",
    "internal",
    "internal/backoff",
    "internal/channelz",
    "internal/envconfig",
    "internal/grpcrand",
    "internal/transport",
    "keepalive",
    "metadata",
    "naming",
    "peer",
    "resolver",
    "resolver/dns",
    "resolver/passthrough",
    "stats",
    "status",
    "tap",
  ]
  pruneopts = "T"
  revision = "32fb0ac620c32ba40a4626ddf94d90d12cce3455"
  version = "v1.14.0"

[[projects]]
  digest = "1:8f992e4b7941ac626801bd573c03512bb8fa6d4ec2436ed0c00472e4b88051e9"
  name = "honnef.co/go/tools"
  packages = [
    "callgraph",
    "callgraph/static",
    "cmd/gosimple",
    "cmd/staticcheck",
    "cmd/unused",
    "deprecated",
    "functions",
    "internal/sharedcheck",
    "lint",
    "lint/lintutil",
    "simple",
    "ssa",
    "ssa/ssautil",
    "staticcheck",
    "staticcheck/vrp",
    "unused",
    "version",
  ]
  pruneopts = "T"
  revision = "d73ab98e7c39fdcf9ba65062e43d34310f198353"
  version = "2017.2.2"

[solve-meta]
  analyzer-name = "dep"
  analyzer-version = 1
  input-imports = [
    "cloud.google.com/go/compute/metadata",
    "cloud.google.com/go/datastore",
    "github.com/MakeNowJust/heredoc",
    "github.com/favclip/jwg",
    "github.com/favclip/qbg",
    "github.com/favclip/testerator",
    "github.com/favclip/testerator/datastore",
    "github.com/favclip/testerator/memcache",
    "github.com/golang/protobuf/proto",
    "github.com/gomodule/redigo/redis",
    "golang.org/x/lint/golint",
    "golang.org/x/net/context",
    "golang.org/x/oauth2",
    "golang.org/x/sync/errgroup",
    "golang.org/x/tools/cmd/goimports",
    "google.golang.org/api/iterator",
    "google.golang.org/api/option",
    "google.golang.org/appengine",
    "google.golang.org/appengine/aetest",
    "google.golang.org/appengine/datastore",
    "google.golang.org/appengine/log",
    "google.golang.org/appengine/memcache",
    "google.golang.org/appengine/taskqueue",
    "honnef.co/go/tools/cmd/gosimple",
    "honnef.co/go/tools/cmd/staticcheck",
    "honnef.co/go/tools/cmd/unused",
  ]
  solver-name = "gps-cdcl"
  solver-version = 1
